// !$*UTF8*$!
{
	archiveVersion = 1;
	classes = {
	};
	objectVersion = 46;
	objects = {

/* Begin PBXBuildFile section */
		297C48461A6D14E3002ECAA9 /* TwitterIntegrationTests.swift in Sources */ = {isa = PBXBuildFile; fileRef = 297C48451A6D14E3002ECAA9 /* TwitterIntegrationTests.swift */; };
		297C48481A6D18DC002ECAA9 /* OCSURLGenerator.swift in Sources */ = {isa = PBXBuildFile; fileRef = 297C48471A6D18DC002ECAA9 /* OCSURLGenerator.swift */; };
		297C484A1A6D1A99002ECAA9 /* OCSStringExtension.swift in Sources */ = {isa = PBXBuildFile; fileRef = 297C48491A6D1A99002ECAA9 /* OCSStringExtension.swift */; };
		29C8E63E1A67E6BB0063756B /* OCSNetworkResponse.swift in Sources */ = {isa = PBXBuildFile; fileRef = 29C8E63D1A67E6BB0063756B /* OCSNetworkResponse.swift */; };
		29C8E6401A67E6E60063756B /* OCSNetworkSettings.swift in Sources */ = {isa = PBXBuildFile; fileRef = 29C8E63F1A67E6E60063756B /* OCSNetworkSettings.swift */; };
		29C8E6421A67E70E0063756B /* OCSResponseType.swift in Sources */ = {isa = PBXBuildFile; fileRef = 29C8E6411A67E70E0063756B /* OCSResponseType.swift */; };
		29C8E6441A67E7390063756B /* OCSForms.swift in Sources */ = {isa = PBXBuildFile; fileRef = 29C8E6431A67E7390063756B /* OCSForms.swift */; };
		29C8E6461A67E7580063756B /* OCSHeaders.swift in Sources */ = {isa = PBXBuildFile; fileRef = 29C8E6451A67E7580063756B /* OCSHeaders.swift */; };
		29C8E6481A67E7730063756B /* OCSBody.swift in Sources */ = {isa = PBXBuildFile; fileRef = 29C8E6471A67E7730063756B /* OCSBody.swift */; };
		29C8E64A1A67E7930063756B /* OCSSession.swift in Sources */ = {isa = PBXBuildFile; fileRef = 29C8E6491A67E7930063756B /* OCSSession.swift */; };
		29C8E64C1A67E8520063756B /* OCSError.swift in Sources */ = {isa = PBXBuildFile; fileRef = 29C8E64B1A67E8520063756B /* OCSError.swift */; };
		29D6C5151A69592A008A04F1 /* OCSNetworkProgressResponse.swift in Sources */ = {isa = PBXBuildFile; fileRef = 29D6C5141A69592A008A04F1 /* OCSNetworkProgressResponse.swift */; };
		29DE30131A66A3BE002E2223 /* AppDelegate.swift in Sources */ = {isa = PBXBuildFile; fileRef = 29DE30121A66A3BE002E2223 /* AppDelegate.swift */; };
		29DE30151A66A3BE002E2223 /* ViewController.swift in Sources */ = {isa = PBXBuildFile; fileRef = 29DE30141A66A3BE002E2223 /* ViewController.swift */; };
		29DE30171A66A3BE002E2223 /* Images.xcassets in Resources */ = {isa = PBXBuildFile; fileRef = 29DE30161A66A3BE002E2223 /* Images.xcassets */; };
		29DE301A1A66A3BE002E2223 /* Main.storyboard in Resources */ = {isa = PBXBuildFile; fileRef = 29DE30181A66A3BE002E2223 /* Main.storyboard */; };
		29DE30261A66A3BE002E2223 /* OCSNetworkStackTests.swift in Sources */ = {isa = PBXBuildFile; fileRef = 29DE30251A66A3BE002E2223 /* OCSNetworkStackTests.swift */; };
		29DE30301A66A3E8002E2223 /* OCSSimpleNetworkInterface.swift in Sources */ = {isa = PBXBuildFile; fileRef = 29DE302F1A66A3E8002E2223 /* OCSSimpleNetworkInterface.swift */; };
		29DE30321A66D641002E2223 /* OCSSimpleNetworkErrorGenerator.swift in Sources */ = {isa = PBXBuildFile; fileRef = 29DE30311A66D641002E2223 /* OCSSimpleNetworkErrorGenerator.swift */; };
/* End PBXBuildFile section */

/* Begin PBXContainerItemProxy section */
		29DE30201A66A3BE002E2223 /* PBXContainerItemProxy */ = {
			isa = PBXContainerItemProxy;
			containerPortal = 29DE30051A66A3BE002E2223 /* Project object */;
			proxyType = 1;
			remoteGlobalIDString = 29DE300C1A66A3BE002E2223;
			remoteInfo = OCSNetworkStack;
		};
/* End PBXContainerItemProxy section */

/* Begin PBXFileReference section */
		297C48451A6D14E3002ECAA9 /* TwitterIntegrationTests.swift */ = {isa = PBXFileReference; fileEncoding = 4; lastKnownFileType = sourcecode.swift; name = TwitterIntegrationTests.swift; path = ../OCSNetworkStack/TwitterIntegrationTests.swift; sourceTree = "<group>"; };
		297C48471A6D18DC002ECAA9 /* OCSURLGenerator.swift */ = {isa = PBXFileReference; fileEncoding = 4; lastKnownFileType = sourcecode.swift; path = OCSURLGenerator.swift; sourceTree = "<group>"; };
		297C48491A6D1A99002ECAA9 /* OCSStringExtension.swift */ = {isa = PBXFileReference; fileEncoding = 4; lastKnownFileType = sourcecode.swift; path = OCSStringExtension.swift; sourceTree = "<group>"; };
		29C8E63D1A67E6BB0063756B /* OCSNetworkResponse.swift */ = {isa = PBXFileReference; fileEncoding = 4; lastKnownFileType = sourcecode.swift; path = OCSNetworkResponse.swift; sourceTree = "<group>"; };
		29C8E63F1A67E6E60063756B /* OCSNetworkSettings.swift */ = {isa = PBXFileReference; fileEncoding = 4; lastKnownFileType = sourcecode.swift; path = OCSNetworkSettings.swift; sourceTree = "<group>"; };
		29C8E6411A67E70E0063756B /* OCSResponseType.swift */ = {isa = PBXFileReference; fileEncoding = 4; lastKnownFileType = sourcecode.swift; path = OCSResponseType.swift; sourceTree = "<group>"; };
		29C8E6431A67E7390063756B /* OCSForms.swift */ = {isa = PBXFileReference; fileEncoding = 4; lastKnownFileType = sourcecode.swift; path = OCSForms.swift; sourceTree = "<group>"; };
		29C8E6451A67E7580063756B /* OCSHeaders.swift */ = {isa = PBXFileReference; fileEncoding = 4; lastKnownFileType = sourcecode.swift; path = OCSHeaders.swift; sourceTree = "<group>"; };
		29C8E6471A67E7730063756B /* OCSBody.swift */ = {isa = PBXFileReference; fileEncoding = 4; lastKnownFileType = sourcecode.swift; path = OCSBody.swift; sourceTree = "<group>"; };
		29C8E6491A67E7930063756B /* OCSSession.swift */ = {isa = PBXFileReference; fileEncoding = 4; lastKnownFileType = sourcecode.swift; path = OCSSession.swift; sourceTree = "<group>"; };
		29C8E64B1A67E8520063756B /* OCSError.swift */ = {isa = PBXFileReference; fileEncoding = 4; lastKnownFileType = sourcecode.swift; path = OCSError.swift; sourceTree = "<group>"; };
		29D6C5141A69592A008A04F1 /* OCSNetworkProgressResponse.swift */ = {isa = PBXFileReference; fileEncoding = 4; lastKnownFileType = sourcecode.swift; path = OCSNetworkProgressResponse.swift; sourceTree = "<group>"; };
		29DE300D1A66A3BE002E2223 /* OCSNetworkStack.app */ = {isa = PBXFileReference; explicitFileType = wrapper.application; includeInIndex = 0; path = OCSNetworkStack.app; sourceTree = BUILT_PRODUCTS_DIR; };
		29DE30111A66A3BE002E2223 /* Info.plist */ = {isa = PBXFileReference; lastKnownFileType = text.plist.xml; path = Info.plist; sourceTree = "<group>"; };
		29DE30121A66A3BE002E2223 /* AppDelegate.swift */ = {isa = PBXFileReference; lastKnownFileType = sourcecode.swift; path = AppDelegate.swift; sourceTree = "<group>"; };
		29DE30141A66A3BE002E2223 /* ViewController.swift */ = {isa = PBXFileReference; lastKnownFileType = sourcecode.swift; path = ViewController.swift; sourceTree = "<group>"; };
		29DE30161A66A3BE002E2223 /* Images.xcassets */ = {isa = PBXFileReference; lastKnownFileType = folder.assetcatalog; path = Images.xcassets; sourceTree = "<group>"; };
		29DE30191A66A3BE002E2223 /* Base */ = {isa = PBXFileReference; lastKnownFileType = file.storyboard; name = Base; path = Base.lproj/Main.storyboard; sourceTree = "<group>"; };
		29DE301F1A66A3BE002E2223 /* OCSNetworkStackTests.xctest */ = {isa = PBXFileReference; explicitFileType = wrapper.cfbundle; includeInIndex = 0; path = OCSNetworkStackTests.xctest; sourceTree = BUILT_PRODUCTS_DIR; };
		29DE30241A66A3BE002E2223 /* Info.plist */ = {isa = PBXFileReference; lastKnownFileType = text.plist.xml; path = Info.plist; sourceTree = "<group>"; };
		29DE30251A66A3BE002E2223 /* OCSNetworkStackTests.swift */ = {isa = PBXFileReference; lastKnownFileType = sourcecode.swift; path = OCSNetworkStackTests.swift; sourceTree = "<group>"; };
		29DE302F1A66A3E8002E2223 /* OCSSimpleNetworkInterface.swift */ = {isa = PBXFileReference; fileEncoding = 4; lastKnownFileType = sourcecode.swift; path = OCSSimpleNetworkInterface.swift; sourceTree = "<group>"; };
		29DE30311A66D641002E2223 /* OCSSimpleNetworkErrorGenerator.swift */ = {isa = PBXFileReference; fileEncoding = 4; lastKnownFileType = sourcecode.swift; path = OCSSimpleNetworkErrorGenerator.swift; sourceTree = "<group>"; };
/* End PBXFileReference section */

/* Begin PBXFrameworksBuildPhase section */
		29DE300A1A66A3BE002E2223 /* Frameworks */ = {
			isa = PBXFrameworksBuildPhase;
			buildActionMask = 2147483647;
			files = (
			);
			runOnlyForDeploymentPostprocessing = 0;
		};
		29DE301C1A66A3BE002E2223 /* Frameworks */ = {
			isa = PBXFrameworksBuildPhase;
			buildActionMask = 2147483647;
			files = (
			);
			runOnlyForDeploymentPostprocessing = 0;
		};
/* End PBXFrameworksBuildPhase section */

/* Begin PBXGroup section */
		297C484B1A6D1A9F002ECAA9 /* Extension */ = {
			isa = PBXGroup;
			children = (
				297C48491A6D1A99002ECAA9 /* OCSStringExtension.swift */,
			);
			name = Extension;
			sourceTree = "<group>";
		};
		29DE30041A66A3BE002E2223 = {
			isa = PBXGroup;
			children = (
				29DE300F1A66A3BE002E2223 /* OCSNetworkStack */,
				29DE30221A66A3BE002E2223 /* OCSNetworkStackTests */,
				29DE300E1A66A3BE002E2223 /* Products */,
			);
			sourceTree = "<group>";
		};
		29DE300E1A66A3BE002E2223 /* Products */ = {
			isa = PBXGroup;
			children = (
				29DE300D1A66A3BE002E2223 /* OCSNetworkStack.app */,
				29DE301F1A66A3BE002E2223 /* OCSNetworkStackTests.xctest */,
			);
			name = Products;
			sourceTree = "<group>";
		};
		29DE300F1A66A3BE002E2223 /* OCSNetworkStack */ = {
			isa = PBXGroup;
			children = (
				297C484B1A6D1A9F002ECAA9 /* Extension */,
				297C48471A6D18DC002ECAA9 /* OCSURLGenerator.swift */,
				29DE302F1A66A3E8002E2223 /* OCSSimpleNetworkInterface.swift */,
				29C8E64B1A67E8520063756B /* OCSError.swift */,
				29DE30311A66D641002E2223 /* OCSSimpleNetworkErrorGenerator.swift */,
				29DE30121A66A3BE002E2223 /* AppDelegate.swift */,
				29DE30141A66A3BE002E2223 /* ViewController.swift */,
				29C8E63D1A67E6BB0063756B /* OCSNetworkResponse.swift */,
				29C8E63F1A67E6E60063756B /* OCSNetworkSettings.swift */,
				29C8E6411A67E70E0063756B /* OCSResponseType.swift */,
				29D6C5141A69592A008A04F1 /* OCSNetworkProgressResponse.swift */,
				29C8E6431A67E7390063756B /* OCSForms.swift */,
				29C8E6451A67E7580063756B /* OCSHeaders.swift */,
				29C8E6471A67E7730063756B /* OCSBody.swift */,
				29C8E6491A67E7930063756B /* OCSSession.swift */,
				29DE30161A66A3BE002E2223 /* Images.xcassets */,
				29DE30181A66A3BE002E2223 /* Main.storyboard */,
				29DE30101A66A3BE002E2223 /* Supporting Files */,
			);
			path = OCSNetworkStack;
			sourceTree = "<group>";
		};
		29DE30101A66A3BE002E2223 /* Supporting Files */ = {
			isa = PBXGroup;
			children = (
				29DE30111A66A3BE002E2223 /* Info.plist */,
			);
			name = "Supporting Files";
			sourceTree = "<group>";
		};
		29DE30221A66A3BE002E2223 /* OCSNetworkStackTests */ = {
			isa = PBXGroup;
			children = (
				297C48451A6D14E3002ECAA9 /* TwitterIntegrationTests.swift */,
				29DE30251A66A3BE002E2223 /* OCSNetworkStackTests.swift */,
				29DE30231A66A3BE002E2223 /* Supporting Files */,
			);
			path = OCSNetworkStackTests;
			sourceTree = "<group>";
		};
		29DE30231A66A3BE002E2223 /* Supporting Files */ = {
			isa = PBXGroup;
			children = (
				29DE30241A66A3BE002E2223 /* Info.plist */,
			);
			name = "Supporting Files";
			sourceTree = "<group>";
		};
/* End PBXGroup section */

/* Begin PBXNativeTarget section */
		29DE300C1A66A3BE002E2223 /* OCSNetworkStack */ = {
			isa = PBXNativeTarget;
			buildConfigurationList = 29DE30291A66A3BE002E2223 /* Build configuration list for PBXNativeTarget "OCSNetworkStack" */;
			buildPhases = (
				29DE30091A66A3BE002E2223 /* Sources */,
				29DE300A1A66A3BE002E2223 /* Frameworks */,
				29DE300B1A66A3BE002E2223 /* Resources */,
			);
			buildRules = (
			);
			dependencies = (
			);
			name = OCSNetworkStack;
			productName = OCSNetworkStack;
			productReference = 29DE300D1A66A3BE002E2223 /* OCSNetworkStack.app */;
			productType = "com.apple.product-type.application";
		};
		29DE301E1A66A3BE002E2223 /* OCSNetworkStackTests */ = {
			isa = PBXNativeTarget;
			buildConfigurationList = 29DE302C1A66A3BE002E2223 /* Build configuration list for PBXNativeTarget "OCSNetworkStackTests" */;
			buildPhases = (
				29DE301B1A66A3BE002E2223 /* Sources */,
				29DE301C1A66A3BE002E2223 /* Frameworks */,
				29DE301D1A66A3BE002E2223 /* Resources */,
			);
			buildRules = (
			);
			dependencies = (
				29DE30211A66A3BE002E2223 /* PBXTargetDependency */,
			);
			name = OCSNetworkStackTests;
			productName = OCSNetworkStackTests;
			productReference = 29DE301F1A66A3BE002E2223 /* OCSNetworkStackTests.xctest */;
			productType = "com.apple.product-type.bundle.unit-test";
		};
/* End PBXNativeTarget section */

/* Begin PBXProject section */
		29DE30051A66A3BE002E2223 /* Project object */ = {
			isa = PBXProject;
			attributes = {
				LastUpgradeCheck = 0610;
				ORGANIZATIONNAME = "Occassionaly Useful Software";
				TargetAttributes = {
					29DE300C1A66A3BE002E2223 = {
						CreatedOnToolsVersion = 6.1.1;
					};
					29DE301E1A66A3BE002E2223 = {
						CreatedOnToolsVersion = 6.1.1;
						TestTargetID = 29DE300C1A66A3BE002E2223;
					};
				};
			};
			buildConfigurationList = 29DE30081A66A3BE002E2223 /* Build configuration list for PBXProject "OCSNetworkStack" */;
			compatibilityVersion = "Xcode 3.2";
			developmentRegion = English;
			hasScannedForEncodings = 0;
			knownRegions = (
				en,
				Base,
			);
			mainGroup = 29DE30041A66A3BE002E2223;
			productRefGroup = 29DE300E1A66A3BE002E2223 /* Products */;
			projectDirPath = "";
			projectRoot = "";
			targets = (
				29DE300C1A66A3BE002E2223 /* OCSNetworkStack */,
				29DE301E1A66A3BE002E2223 /* OCSNetworkStackTests */,
			);
		};
/* End PBXProject section */

/* Begin PBXResourcesBuildPhase section */
		29DE300B1A66A3BE002E2223 /* Resources */ = {
			isa = PBXResourcesBuildPhase;
			buildActionMask = 2147483647;
			files = (
				29DE30171A66A3BE002E2223 /* Images.xcassets in Resources */,
				29DE301A1A66A3BE002E2223 /* Main.storyboard in Resources */,
			);
			runOnlyForDeploymentPostprocessing = 0;
		};
		29DE301D1A66A3BE002E2223 /* Resources */ = {
			isa = PBXResourcesBuildPhase;
			buildActionMask = 2147483647;
			files = (
			);
			runOnlyForDeploymentPostprocessing = 0;
		};
/* End PBXResourcesBuildPhase section */

/* Begin PBXSourcesBuildPhase section */
		29DE30091A66A3BE002E2223 /* Sources */ = {
			isa = PBXSourcesBuildPhase;
			buildActionMask = 2147483647;
			files = (
				29C8E6461A67E7580063756B /* OCSHeaders.swift in Sources */,
				297C48481A6D18DC002ECAA9 /* OCSURLGenerator.swift in Sources */,
				29DE30301A66A3E8002E2223 /* OCSSimpleNetworkInterface.swift in Sources */,
				29C8E6401A67E6E60063756B /* OCSNetworkSettings.swift in Sources */,
				29D6C5151A69592A008A04F1 /* OCSNetworkProgressResponse.swift in Sources */,
				29DE30321A66D641002E2223 /* OCSSimpleNetworkErrorGenerator.swift in Sources */,
				29DE30151A66A3BE002E2223 /* ViewController.swift in Sources */,
				29DE30131A66A3BE002E2223 /* AppDelegate.swift in Sources */,
				29C8E6441A67E7390063756B /* OCSForms.swift in Sources */,
				29C8E6481A67E7730063756B /* OCSBody.swift in Sources */,
				297C484A1A6D1A99002ECAA9 /* OCSStringExtension.swift in Sources */,
				29C8E64C1A67E8520063756B /* OCSError.swift in Sources */,
				29C8E63E1A67E6BB0063756B /* OCSNetworkResponse.swift in Sources */,
				29C8E64A1A67E7930063756B /* OCSSession.swift in Sources */,
				29C8E6421A67E70E0063756B /* OCSResponseType.swift in Sources */,
			);
			runOnlyForDeploymentPostprocessing = 0;
		};
		29DE301B1A66A3BE002E2223 /* Sources */ = {
			isa = PBXSourcesBuildPhase;
			buildActionMask = 2147483647;
			files = (
				297C48461A6D14E3002ECAA9 /* TwitterIntegrationTests.swift in Sources */,
				29DE30261A66A3BE002E2223 /* OCSNetworkStackTests.swift in Sources */,
			);
			runOnlyForDeploymentPostprocessing = 0;
		};
/* End PBXSourcesBuildPhase section */

/* Begin PBXTargetDependency section */
		29DE30211A66A3BE002E2223 /* PBXTargetDependency */ = {
			isa = PBXTargetDependency;
			target = 29DE300C1A66A3BE002E2223 /* OCSNetworkStack */;
			targetProxy = 29DE30201A66A3BE002E2223 /* PBXContainerItemProxy */;
		};
/* End PBXTargetDependency section */

/* Begin PBXVariantGroup section */
		29DE30181A66A3BE002E2223 /* Main.storyboard */ = {
			isa = PBXVariantGroup;
			children = (
				29DE30191A66A3BE002E2223 /* Base */,
			);
			name = Main.storyboard;
			sourceTree = "<group>";
		};
/* End PBXVariantGroup section */

/* Begin XCBuildConfiguration section */
		29DE30271A66A3BE002E2223 /* Debug */ = {
			isa = XCBuildConfiguration;
			buildSettings = {
				ALWAYS_SEARCH_USER_PATHS = NO;
				CLANG_CXX_LANGUAGE_STANDARD = "gnu++0x";
				CLANG_CXX_LIBRARY = "libc++";
				CLANG_ENABLE_MODULES = YES;
				CLANG_ENABLE_OBJC_ARC = YES;
				CLANG_WARN_BOOL_CONVERSION = YES;
				CLANG_WARN_CONSTANT_CONVERSION = YES;
				CLANG_WARN_DIRECT_OBJC_ISA_USAGE = YES_ERROR;
				CLANG_WARN_EMPTY_BODY = YES;
				CLANG_WARN_ENUM_CONVERSION = YES;
				CLANG_WARN_INT_CONVERSION = YES;
				CLANG_WARN_OBJC_ROOT_CLASS = YES_ERROR;
				CLANG_WARN_UNREACHABLE_CODE = YES;
				CLANG_WARN__DUPLICATE_METHOD_MATCH = YES;
				CODE_SIGN_IDENTITY = "-";
				COPY_PHASE_STRIP = NO;
				ENABLE_STRICT_OBJC_MSGSEND = YES;
				GCC_C_LANGUAGE_STANDARD = gnu99;
				GCC_DYNAMIC_NO_PIC = NO;
				GCC_OPTIMIZATION_LEVEL = 0;
				GCC_PREPROCESSOR_DEFINITIONS = (
					"DEBUG=1",
					"$(inherited)",
				);
				GCC_SYMBOLS_PRIVATE_EXTERN = NO;
				GCC_WARN_64_TO_32_BIT_CONVERSION = YES;
				GCC_WARN_ABOUT_RETURN_TYPE = YES_ERROR;
				GCC_WARN_UNDECLARED_SELECTOR = YES;
				GCC_WARN_UNINITIALIZED_AUTOS = YES_AGGRESSIVE;
				GCC_WARN_UNUSED_FUNCTION = YES;
				GCC_WARN_UNUSED_VARIABLE = YES;
				MACOSX_DEPLOYMENT_TARGET = 10.10;
				MTL_ENABLE_DEBUG_INFO = YES;
				ONLY_ACTIVE_ARCH = YES;
				SDKROOT = macosx;
				SWIFT_OPTIMIZATION_LEVEL = "-Onone";
			};
			name = Debug;
		};
		29DE30281A66A3BE002E2223 /* Release */ = {
			isa = XCBuildConfiguration;
			buildSettings = {
				ALWAYS_SEARCH_USER_PATHS = NO;
				CLANG_CXX_LANGUAGE_STANDARD = "gnu++0x";
				CLANG_CXX_LIBRARY = "libc++";
				CLANG_ENABLE_MODULES = YES;
				CLANG_ENABLE_OBJC_ARC = YES;
				CLANG_WARN_BOOL_CONVERSION = YES;
				CLANG_WARN_CONSTANT_CONVERSION = YES;
				CLANG_WARN_DIRECT_OBJC_ISA_USAGE = YES_ERROR;
				CLANG_WARN_EMPTY_BODY = YES;
				CLANG_WARN_ENUM_CONVERSION = YES;
				CLANG_WARN_INT_CONVERSION = YES;
				CLANG_WARN_OBJC_ROOT_CLASS = YES_ERROR;
				CLANG_WARN_UNREACHABLE_CODE = YES;
				CLANG_WARN__DUPLICATE_METHOD_MATCH = YES;
				CODE_SIGN_IDENTITY = "-";
				COPY_PHASE_STRIP = YES;
				DEBUG_INFORMATION_FORMAT = "dwarf-with-dsym";
				ENABLE_NS_ASSERTIONS = NO;
				ENABLE_STRICT_OBJC_MSGSEND = YES;
				GCC_C_LANGUAGE_STANDARD = gnu99;
				GCC_WARN_64_TO_32_BIT_CONVERSION = YES;
				GCC_WARN_ABOUT_RETURN_TYPE = YES_ERROR;
				GCC_WARN_UNDECLARED_SELECTOR = YES;
				GCC_WARN_UNINITIALIZED_AUTOS = YES_AGGRESSIVE;
				GCC_WARN_UNUSED_FUNCTION = YES;
				GCC_WARN_UNUSED_VARIABLE = YES;
				MACOSX_DEPLOYMENT_TARGET = 10.10;
				MTL_ENABLE_DEBUG_INFO = NO;
				SDKROOT = macosx;
			};
			name = Release;
		};
		29DE302A1A66A3BE002E2223 /* Debug */ = {
			isa = XCBuildConfiguration;
			buildSettings = {
				ASSETCATALOG_COMPILER_APPICON_NAME = AppIcon;
				COMBINE_HIDPI_IMAGES = YES;
				INFOPLIST_FILE = OCSNetworkStack/Info.plist;
				LD_RUNPATH_SEARCH_PATHS = "$(inherited) @executable_path/../Frameworks";
				PRODUCT_NAME = "$(TARGET_NAME)";
			};
			name = Debug;
		};
		29DE302B1A66A3BE002E2223 /* Release */ = {
			isa = XCBuildConfiguration;
			buildSettings = {
				ASSETCATALOG_COMPILER_APPICON_NAME = AppIcon;
				COMBINE_HIDPI_IMAGES = YES;
				INFOPLIST_FILE = OCSNetworkStack/Info.plist;
				LD_RUNPATH_SEARCH_PATHS = "$(inherited) @executable_path/../Frameworks";
				PRODUCT_NAME = "$(TARGET_NAME)";
			};
			name = Release;
		};
		29DE302D1A66A3BE002E2223 /* Debug */ = {
			isa = XCBuildConfiguration;
			buildSettings = {
				BUNDLE_LOADER = "$(TEST_HOST)";
				COMBINE_HIDPI_IMAGES = YES;
				FRAMEWORK_SEARCH_PATHS = (
					"$(DEVELOPER_FRAMEWORKS_DIR)",
					"$(inherited)",
				);
				GCC_PREPROCESSOR_DEFINITIONS = (
					"DEBUG=1",
					"$(inherited)",
				);
				INFOPLIST_FILE = OCSNetworkStackTests/Info.plist;
				LD_RUNPATH_SEARCH_PATHS = "$(inherited) @executable_path/../Frameworks @loader_path/../Frameworks";
				PRODUCT_NAME = "$(TARGET_NAME)";
				TEST_HOST = "$(BUILT_PRODUCTS_DIR)/OCSNetworkStack.app/Contents/MacOS/OCSNetworkStack";
			};
			name = Debug;
		};
		29DE302E1A66A3BE002E2223 /* Release */ = {
			isa = XCBuildConfiguration;
			buildSettings = {
				BUNDLE_LOADER = "$(TEST_HOST)";
				COMBINE_HIDPI_IMAGES = YES;
				FRAMEWORK_SEARCH_PATHS = (
					"$(DEVELOPER_FRAMEWORKS_DIR)",
					"$(inherited)",
				);
				INFOPLIST_FILE = OCSNetworkStackTests/Info.plist;
				LD_RUNPATH_SEARCH_PATHS = "$(inherited) @executable_path/../Frameworks @loader_path/../Frameworks";
				PRODUCT_NAME = "$(TARGET_NAME)";
				TEST_HOST = "$(BUILT_PRODUCTS_DIR)/OCSNetworkStack.app/Contents/MacOS/OCSNetworkStack";
			};
			name = Release;
		};
/* End XCBuildConfiguration section */

/* Begin XCConfigurationList section */
		29DE30081A66A3BE002E2223 /* Build configuration list for PBXProject "OCSNetworkStack" */ = {
			isa = XCConfigurationList;
			buildConfigurations = (
				29DE30271A66A3BE002E2223 /* Debug */,
				29DE30281A66A3BE002E2223 /* Release */,
			);
			defaultConfigurationIsVisible = 0;
			defaultConfigurationName = Release;
		};
		29DE30291A66A3BE002E2223 /* Build configuration list for PBXNativeTarget "OCSNetworkStack" */ = {
			isa = XCConfigurationList;
			buildConfigurations = (
				29DE302A1A66A3BE002E2223 /* Debug */,
				29DE302B1A66A3BE002E2223 /* Release */,
			);
			defaultConfigurationIsVisible = 0;
			defaultConfigurationName = Release;
		};
		29DE302C1A66A3BE002E2223 /* Build configuration list for PBXNativeTarget "OCSNetworkStackTests" */ = {
			isa = XCConfigurationList;
			buildConfigurations = (
				29DE302D1A66A3BE002E2223 /* Debug */,
				29DE302E1A66A3BE002E2223 /* Release */,
			);
			defaultConfigurationIsVisible = 0;
			defaultConfigurationName = Release;
		};
/* End XCConfigurationList section */
	};
	rootObject = 29DE30051A66A3BE002E2223 /* Project object */;
}
